
Microsoft Visual Studio Solution File, Format Version 12.00
# Visual Studio Version 17
VisualStudioVersion = 17.9.34622.214
MinimumVisualStudioVersion = 10.0.40219.1
Project("{8BC9CEB8-8B4A-11D0-8D11-00A0C91BC942}") = "CPP_feladat_02", "CPP_feladat_02\CPP_feladat_02.vcxproj", "{EA5CFB68-5272-4904-B824-6271BD07F6E5}"
EndProject
Project("{8BC9CEB8-8B4A-11D0-8D11-00A0C91BC942}") = "UnitTest1", "UnitTest1\UnitTest1.vcxproj", "{F9D4B4EE-42A0-49F1-9578-9403E8BE8935}"
EndProject
Global
	GlobalSection(SolutionConfigurationPlatforms) = preSolution
		Debug|x64 = Debug|x64
		Debug|x86 = Debug|x86
		Release|x64 = Release|x64
		Release|x86 = Release|x86
	EndGlobalSection
	GlobalSection(ProjectConfigurationPlatforms) = postSolution
		{EA5CFB68-5272-4904-B824-6271BD07F6E5}.Debug|x64.ActiveCfg = Debug|x64
		{EA5CFB68-5272-4904-B824-6271BD07F6E5}.Debug|x64.Build.0 = Debug|x64
		{EA5CFB68-5272-4904-B824-6271BD07F6E5}.Debug|x86.ActiveCfg = Debug|Win32
		{EA5CFB68-5272-4904-B824-6271BD07F6E5}.Debug|x86.Build.0 = Debug|Win32
		{EA5CFB68-5272-4904-B824-6271BD07F6E5}.Release|x64.ActiveCfg = Release|x64
		{EA5CFB68-5272-4904-B824-6271BD07F6E5}.Release|x64.Build.0 = Release|x64
		{EA5CFB68-5272-4904-B824-6271BD07F6E5}.Release|x86.ActiveCfg = Release|Win32
		{EA5CFB68-5272-4904-B824-6271BD07F6E5}.Release|x86.Build.0 = Release|Win32
		{F9D4B4EE-42A0-49F1-9578-9403E8BE8935}.Debug|x64.ActiveCfg = Debug|x64
		{F9D4B4EE-42A0-49F1-9578-9403E8BE8935}.Debug|x64.Build.0 = Debug|x64
		{F9D4B4EE-42A0-49F1-9578-9403E8BE8935}.Debug|x86.ActiveCfg = Debug|Win32
		{F9D4B4EE-42A0-49F1-9578-9403E8BE8935}.Debug|x86.Build.0 = Debug|Win32
		{F9D4B4EE-42A0-49F1-9578-9403E8BE8935}.Release|x64.ActiveCfg = Release|x64
		{F9D4B4EE-42A0-49F1-9578-9403E8BE8935}.Release|x64.Build.0 = Release|x64
		{F9D4B4EE-42A0-49F1-9578-9403E8BE8935}.Release|x86.ActiveCfg = Release|Win32
		{F9D4B4EE-42A0-49F1-9578-9403E8BE8935}.Release|x86.Build.0 = Release|Win32
	EndGlobalSection
	GlobalSection(SolutionProperties) = preSolution
		HideSolutionNode = FALSE
	EndGlobalSection
	GlobalSection(ExtensibilityGlobals) = postSolution
		SolutionGuid = {F8AD7D09-6E22-4A88-82BC-3F798A5D9774}
	EndGlobalSection
EndGlobal
